{
  "version": 4,
  "terraform_version": "0.13.5",
  "serial": 1,
  "lineage": "d19c6cc8-2820-e723-a07a-c0d076c02614",
  "outputs": {},
  "resources": [
    {
      "module": "module.compute_instance_group",
      "mode": "managed",
      "type": "google_compute_instance_group",
      "name": "vm",
      "provider": "provider[\"registry.terraform.io/hashicorp/google\"]",
      "instances": [
        {
          "schema_version": 2,
          "attributes": {
            "description": "",
            "id": "projects/bubbly-monument-295508/zones/us-central1-a/instanceGroups/test-uig2",
            "instances": [
              "projects/bubbly-monument-295508/zones/us-central1-a/instances/test-instance"
            ],
            "name": "test-uig2",
            "named_port": [
              {
                "name": "http",
                "port": 80
              }
            ],
            "network": "https://www.googleapis.com/compute/v1/projects/bubbly-monument-295508/global/networks/test-vpc",
            "project": "bubbly-monument-295508",
            "self_link": "https://www.googleapis.com/compute/v1/projects/bubbly-monument-295508/zones/us-central1-a/instanceGroups/test-uig2",
            "size": 1,
            "timeouts": null,
            "zone": "us-central1-a"
          },
          "private": "eyJlMmJmYjczMC1lY2FhLTExZTYtOGY4OC0zNDM2M2JjN2M0YzAiOnsiY3JlYXRlIjozNjAwMDAwMDAwMDAsImRlbGV0ZSI6MzYwMDAwMDAwMDAwLCJ1cGRhdGUiOjM2MDAwMDAwMDAwMH0sInNjaGVtYV92ZXJzaW9uIjoiMiJ9"
        }
      ]
    }
  ]
}
