{
  "version": 4,
  "terraform_version": "0.13.5",
  "serial": 21,
  "lineage": "8505c1c0-2f81-7c61-80b2-ccae66371f34",
  "outputs": {},
  "resources": [
    {
      "module": "module.vpc",
      "mode": "managed",
      "type": "google_compute_firewall",
      "name": "default",
      "provider": "provider[\"registry.terraform.io/hashicorp/google\"]",
      "instances": [
        {
          "schema_version": 1,
          "attributes": {
            "allow": [
              {
                "ports": [
                  "80"
                ],
                "protocol": "tcp"
              }
            ],
            "creation_timestamp": "2020-11-20T02:12:40.033-08:00",
            "deny": [],
            "description": "",
            "destination_ranges": [],
            "direction": "INGRESS",
            "disabled": false,
            "enable_logging": null,
            "id": "projects/bubbly-monument-295508/global/firewalls/test-allow-http",
            "log_config": [],
            "name": "test-allow-http",
            "network": "https://www.googleapis.com/compute/v1/projects/bubbly-monument-295508/global/networks/test-vpc",
            "priority": 10,
            "project": "bubbly-monument-295508",
            "self_link": "https://www.googleapis.com/compute/v1/projects/bubbly-monument-295508/global/firewalls/test-allow-http",
            "source_ranges": [
              "0.0.0.0/0"
            ],
            "source_service_accounts": null,
            "source_tags": null,
            "target_service_accounts": null,
            "target_tags": null,
            "timeouts": null
          },
          "private": "eyJlMmJmYjczMC1lY2FhLTExZTYtOGY4OC0zNDM2M2JjN2M0YzAiOnsiY3JlYXRlIjoyNDAwMDAwMDAwMDAsImRlbGV0ZSI6MjQwMDAwMDAwMDAwLCJ1cGRhdGUiOjI0MDAwMDAwMDAwMH0sInNjaGVtYV92ZXJzaW9uIjoiMSJ9",
          "dependencies": [
            "module.vpc.google_compute_network.network"
          ]
        }
      ]
    },
    {
      "module": "module.vpc",
      "mode": "managed",
      "type": "google_compute_network",
      "name": "network",
      "provider": "provider[\"registry.terraform.io/hashicorp/google\"]",
      "instances": [
        {
          "schema_version": 0,
          "attributes": {
            "auto_create_subnetworks": false,
            "delete_default_routes_on_create": false,
            "description": "",
            "gateway_ipv4": "",
            "id": "projects/bubbly-monument-295508/global/networks/test-vpc",
            "mtu": 0,
            "name": "test-vpc",
            "project": "bubbly-monument-295508",
            "routing_mode": "REGIONAL",
            "self_link": "https://www.googleapis.com/compute/v1/projects/bubbly-monument-295508/global/networks/test-vpc",
            "timeouts": null
          },
          "private": "eyJlMmJmYjczMC1lY2FhLTExZTYtOGY4OC0zNDM2M2JjN2M0YzAiOnsiY3JlYXRlIjoyNDAwMDAwMDAwMDAsImRlbGV0ZSI6MjQwMDAwMDAwMDAwLCJ1cGRhdGUiOjI0MDAwMDAwMDAwMH19"
        }
      ]
    },
    {
      "module": "module.vpc",
      "mode": "managed",
      "type": "google_compute_subnetwork",
      "name": "network_subnet",
      "provider": "provider[\"registry.terraform.io/hashicorp/google\"]",
      "instances": [
        {
          "schema_version": 0,
          "attributes": {
            "creation_timestamp": "2020-11-20T02:12:40.419-08:00",
            "description": "",
            "fingerprint": null,
            "gateway_address": "10.0.1.1",
            "id": "projects/bubbly-monument-295508/regions/us-central1/subnetworks/test-vpc-subnetwork",
            "ip_cidr_range": "10.0.1.0/24",
            "log_config": [],
            "name": "test-vpc-subnetwork",
            "network": "https://www.googleapis.com/compute/v1/projects/bubbly-monument-295508/global/networks/test-vpc",
            "private_ip_google_access": false,
            "private_ipv6_google_access": "DISABLE_GOOGLE_ACCESS",
            "project": "bubbly-monument-295508",
            "region": "us-central1",
            "secondary_ip_range": [],
            "self_link": "https://www.googleapis.com/compute/v1/projects/bubbly-monument-295508/regions/us-central1/subnetworks/test-vpc-subnetwork",
            "timeouts": null
          },
          "private": "eyJlMmJmYjczMC1lY2FhLTExZTYtOGY4OC0zNDM2M2JjN2M0YzAiOnsiY3JlYXRlIjozNjAwMDAwMDAwMDAsImRlbGV0ZSI6MzYwMDAwMDAwMDAwLCJ1cGRhdGUiOjM2MDAwMDAwMDAwMH19",
          "dependencies": [
            "module.vpc.google_compute_network.network"
          ]
        }
      ]
    }
  ]
}
